
Microsoft Visual Studio Solution File, Format Version 12.00
# Visual Studio Version 17
VisualStudioVersion = 17.3.32922.545
MinimumVisualStudioVersion = 10.0.40219.1
Project("{FAE04EC0-301F-11D3-BF4B-00C04F79EFBC}") = "Calculator", "Calculator\Calculator.csproj", "{96F6D319-8BAF-4E1B-AC3C-63D68F8E431A}"
EndProject
Global
	GlobalSection(SolutionConfigurationPlatforms) = preSolution
		Debug|Any CPU = Debug|Any CPU
		Release|Any CPU = Release|Any CPU
	EndGlobalSection
	GlobalSection(ProjectConfigurationPlatforms) = postSolution
		{96F6D319-8BAF-4E1B-AC3C-63D68F8E431A}.Debug|Any CPU.ActiveCfg = Debug|Any CPU
		{96F6D319-8BAF-4E1B-AC3C-63D68F8E431A}.Debug|Any CPU.Build.0 = Debug|Any CPU
		{96F6D319-8BAF-4E1B-AC3C-63D68F8E431A}.Release|Any CPU.ActiveCfg = Release|Any CPU
		{96F6D319-8BAF-4E1B-AC3C-63D68F8E431A}.Release|Any CPU.Build.0 = Release|Any CPU
	EndGlobalSection
	GlobalSection(SolutionProperties) = preSolution
		HideSolutionNode = FALSE
	EndGlobalSection
	GlobalSection(ExtensibilityGlobals) = postSolution
		SolutionGuid = {F5E028B1-F7F7-4BDB-99F8-8173F9E1D076}
	EndGlobalSection
EndGlobal
